
Microsoft Visual Studio Solution File, Format Version 12.00
# Visual Studio 15
VisualStudioVersion = 15.0.27130.2036
MinimumVisualStudioVersion = 10.0.40219.1
Project("{FAE04EC0-301F-11D3-BF4B-00C04F79EFBC}") = "data", "data\data.csproj", "{11F3606E-98A6-482F-8EFC-9608641BB8CF}"
EndProject
Project("{FAE04EC0-301F-11D3-BF4B-00C04F79EFBC}") = "web", "web\web.csproj", "{6C23BCD3-B91F-4C78-A0BA-D0B01E7DF014}"
	ProjectSection(ProjectDependencies) = postProject
		{11F3606E-98A6-482F-8EFC-9608641BB8CF} = {11F3606E-98A6-482F-8EFC-9608641BB8CF}
	EndProjectSection
EndProject
Global
	GlobalSection(SolutionConfigurationPlatforms) = preSolution
		Debug|Any CPU = Debug|Any CPU
		Release|Any CPU = Release|Any CPU
	EndGlobalSection
	GlobalSection(ProjectConfigurationPlatforms) = postSolution
		{11F3606E-98A6-482F-8EFC-9608641BB8CF}.Debug|Any CPU.ActiveCfg = Debug|Any CPU
		{11F3606E-98A6-482F-8EFC-9608641BB8CF}.Debug|Any CPU.Build.0 = Debug|Any CPU
		{11F3606E-98A6-482F-8EFC-9608641BB8CF}.Release|Any CPU.ActiveCfg = Release|Any CPU
		{11F3606E-98A6-482F-8EFC-9608641BB8CF}.Release|Any CPU.Build.0 = Release|Any CPU
		{6C23BCD3-B91F-4C78-A0BA-D0B01E7DF014}.Debug|Any CPU.ActiveCfg = Debug|Any CPU
		{6C23BCD3-B91F-4C78-A0BA-D0B01E7DF014}.Debug|Any CPU.Build.0 = Debug|Any CPU
		{6C23BCD3-B91F-4C78-A0BA-D0B01E7DF014}.Release|Any CPU.ActiveCfg = Release|Any CPU
		{6C23BCD3-B91F-4C78-A0BA-D0B01E7DF014}.Release|Any CPU.Build.0 = Release|Any CPU
	EndGlobalSection
	GlobalSection(SolutionProperties) = preSolution
		HideSolutionNode = FALSE
	EndGlobalSection
	GlobalSection(ExtensibilityGlobals) = postSolution
		SolutionGuid = {90E2C4D8-6776-4E21-863D-7FD1A0276991}
	EndGlobalSection
EndGlobal
